// !$*UTF8*$!
{
	archiveVersion = 1;
	classes = {
	};
	objectVersion = 55;
	objects = {

/* Begin PBXBuildFile section */
		AF7CF00B2894412D00DE1BD5 /* Activity.swift in Sources */ = {isa = PBXBuildFile; fileRef = AF7CF00A2894412D00DE1BD5 /* Activity.swift */; };
		AF7CF00E289441D700DE1BD5 /* ImageView.swift in Sources */ = {isa = PBXBuildFile; fileRef = AF7CF00D289441D700DE1BD5 /* ImageView.swift */; };
		AF7CF0102894422D00DE1BD5 /* Alert.swift in Sources */ = {isa = PBXBuildFile; fileRef = AF7CF00F2894422D00DE1BD5 /* Alert.swift */; };
		AF7CF01528954F0400DE1BD5 /* FirebaseAuth in Frameworks */ = {isa = PBXBuildFile; productRef = AF7CF01428954F0400DE1BD5 /* FirebaseAuth */; };
		AF7CF01728954F0400DE1BD5 /* FirebaseFirestore in Frameworks */ = {isa = PBXBuildFile; productRef = AF7CF01628954F0400DE1BD5 /* FirebaseFirestore */; };
		AF7CF01928954F0400DE1BD5 /* FirebaseStorage in Frameworks */ = {isa = PBXBuildFile; productRef = AF7CF01828954F0400DE1BD5 /* FirebaseStorage */; };
		AF86F591288D20E4000E0AC7 /* AppDelegate.swift in Sources */ = {isa = PBXBuildFile; fileRef = AF86F590288D20E4000E0AC7 /* AppDelegate.swift */; };
		AF86F593288D20E4000E0AC7 /* SceneDelegate.swift in Sources */ = {isa = PBXBuildFile; fileRef = AF86F592288D20E4000E0AC7 /* SceneDelegate.swift */; };
		AF86F595288D20E4000E0AC7 /* SignupViewController.swift in Sources */ = {isa = PBXBuildFile; fileRef = AF86F594288D20E4000E0AC7 /* SignupViewController.swift */; };
		AF86F598288D20E4000E0AC7 /* Main.storyboard in Resources */ = {isa = PBXBuildFile; fileRef = AF86F596288D20E4000E0AC7 /* Main.storyboard */; };
		AF86F59A288D20E8000E0AC7 /* Assets.xcassets in Resources */ = {isa = PBXBuildFile; fileRef = AF86F599288D20E8000E0AC7 /* Assets.xcassets */; };
		AF86F59D288D20E8000E0AC7 /* LaunchScreen.storyboard in Resources */ = {isa = PBXBuildFile; fileRef = AF86F59B288D20E8000E0AC7 /* LaunchScreen.storyboard */; };
		AF86F5A5288D58D7000E0AC7 /* SigninViewController.swift in Sources */ = {isa = PBXBuildFile; fileRef = AF86F5A4288D58D7000E0AC7 /* SigninViewController.swift */; };
		AFDEA4E8289FAD390075EC98 /* GoogleService-Info.plist in Resources */ = {isa = PBXBuildFile; fileRef = AFDEA4E7289FAD390075EC98 /* GoogleService-Info.plist */; };
/* End PBXBuildFile section */

/* Begin PBXFileReference section */
		AF7CF00A2894412D00DE1BD5 /* Activity.swift */ = {isa = PBXFileReference; lastKnownFileType = sourcecode.swift; path = Activity.swift; sourceTree = "<group>"; };
		AF7CF00D289441D700DE1BD5 /* ImageView.swift */ = {isa = PBXFileReference; lastKnownFileType = sourcecode.swift; path = ImageView.swift; sourceTree = "<group>"; };
		AF7CF00F2894422D00DE1BD5 /* Alert.swift */ = {isa = PBXFileReference; lastKnownFileType = sourcecode.swift; path = Alert.swift; sourceTree = "<group>"; };
		AF86F58D288D20E4000E0AC7 /* TestFireBase.app */ = {isa = PBXFileReference; explicitFileType = wrapper.application; includeInIndex = 0; path = TestFireBase.app; sourceTree = BUILT_PRODUCTS_DIR; };
		AF86F590288D20E4000E0AC7 /* AppDelegate.swift */ = {isa = PBXFileReference; lastKnownFileType = sourcecode.swift; path = AppDelegate.swift; sourceTree = "<group>"; };
		AF86F592288D20E4000E0AC7 /* SceneDelegate.swift */ = {isa = PBXFileReference; lastKnownFileType = sourcecode.swift; path = SceneDelegate.swift; sourceTree = "<group>"; };
		AF86F594288D20E4000E0AC7 /* SignupViewController.swift */ = {isa = PBXFileReference; lastKnownFileType = sourcecode.swift; path = SignupViewController.swift; sourceTree = "<group>"; };
		AF86F597288D20E4000E0AC7 /* Base */ = {isa = PBXFileReference; lastKnownFileType = file.storyboard; name = Base; path = Base.lproj/Main.storyboard; sourceTree = "<group>"; };
		AF86F599288D20E8000E0AC7 /* Assets.xcassets */ = {isa = PBXFileReference; lastKnownFileType = folder.assetcatalog; path = Assets.xcassets; sourceTree = "<group>"; };
		AF86F59C288D20E8000E0AC7 /* Base */ = {isa = PBXFileReference; lastKnownFileType = file.storyboard; name = Base; path = Base.lproj/LaunchScreen.storyboard; sourceTree = "<group>"; };
		AF86F59E288D20E8000E0AC7 /* Info.plist */ = {isa = PBXFileReference; lastKnownFileType = text.plist.xml; path = Info.plist; sourceTree = "<group>"; };
		AF86F5A4288D58D7000E0AC7 /* SigninViewController.swift */ = {isa = PBXFileReference; lastKnownFileType = sourcecode.swift; path = SigninViewController.swift; sourceTree = "<group>"; };
		AFDEA4E7289FAD390075EC98 /* GoogleService-Info.plist */ = {isa = PBXFileReference; fileEncoding = 4; lastKnownFileType = text.plist.xml; name = "GoogleService-Info.plist"; path = "../../../../Downloads/GoogleService-Info.plist"; sourceTree = "<group>"; };
/* End PBXFileReference section */

/* Begin PBXFrameworksBuildPhase section */
		AF86F58A288D20E4000E0AC7 /* Frameworks */ = {
			isa = PBXFrameworksBuildPhase;
			buildActionMask = 2147483647;
			files = (
				AF7CF01528954F0400DE1BD5 /* FirebaseAuth in Frameworks */,
				AF7CF01728954F0400DE1BD5 /* FirebaseFirestore in Frameworks */,
				AF7CF01928954F0400DE1BD5 /* FirebaseStorage in Frameworks */,
			);
			runOnlyForDeploymentPostprocessing = 0;
		};
/* End PBXFrameworksBuildPhase section */

/* Begin PBXGroup section */
		AF7CF00C2894413D00DE1BD5 /* Utils */ = {
			isa = PBXGroup;
			children = (
				AF7CF00A2894412D00DE1BD5 /* Activity.swift */,
				AF7CF00D289441D700DE1BD5 /* ImageView.swift */,
				AF7CF00F2894422D00DE1BD5 /* Alert.swift */,
			);
			path = Utils;
			sourceTree = "<group>";
		};
		AF86F584288D20E4000E0AC7 = {
			isa = PBXGroup;
			children = (
				AF86F58F288D20E4000E0AC7 /* TestFireBase */,
				AF86F58E288D20E4000E0AC7 /* Products */,
			);
			sourceTree = "<group>";
		};
		AF86F58E288D20E4000E0AC7 /* Products */ = {
			isa = PBXGroup;
			children = (
				AF86F58D288D20E4000E0AC7 /* TestFireBase.app */,
			);
			name = Products;
			sourceTree = "<group>";
		};
		AF86F58F288D20E4000E0AC7 /* TestFireBase */ = {
			isa = PBXGroup;
			children = (
				AF86F590288D20E4000E0AC7 /* AppDelegate.swift */,
				AF86F592288D20E4000E0AC7 /* SceneDelegate.swift */,
				AF7CF00C2894413D00DE1BD5 /* Utils */,
				AF86F5A7288D5915000E0AC7 /* Controllers */,
				AF86F5A8288D594C000E0AC7 /* Views */,
				AF86F599288D20E8000E0AC7 /* Assets.xcassets */,
				AF86F59B288D20E8000E0AC7 /* LaunchScreen.storyboard */,
				AF86F59E288D20E8000E0AC7 /* Info.plist */,
				AFDEA4E7289FAD390075EC98 /* GoogleService-Info.plist */,
			);
			path = TestFireBase;
			sourceTree = "<group>";
		};
		AF86F5A7288D5915000E0AC7 /* Controllers */ = {
			isa = PBXGroup;
			children = (
				AF86F5A4288D58D7000E0AC7 /* SigninViewController.swift */,
				AF86F594288D20E4000E0AC7 /* SignupViewController.swift */,
			);
			name = Controllers;
			sourceTree = "<group>";
		};
		AF86F5A8288D594C000E0AC7 /* Views */ = {
			isa = PBXGroup;
			children = (
				AF86F596288D20E4000E0AC7 /* Main.storyboard */,
			);
			name = Views;
			sourceTree = "<group>";
		};
/* End PBXGroup section */

/* Begin PBXNativeTarget section */
		AF86F58C288D20E4000E0AC7 /* TestFireBase */ = {
			isa = PBXNativeTarget;
			buildConfigurationList = AF86F5A1288D20E8000E0AC7 /* Build configuration list for PBXNativeTarget "TestFireBase" */;
			buildPhases = (
				AF86F589288D20E4000E0AC7 /* Sources */,
				AF86F58A288D20E4000E0AC7 /* Frameworks */,
				AF86F58B288D20E4000E0AC7 /* Resources */,
			);
			buildRules = (
			);
			dependencies = (
			);
			name = TestFireBase;
			packageProductDependencies = (
				AF7CF01428954F0400DE1BD5 /* FirebaseAuth */,
				AF7CF01628954F0400DE1BD5 /* FirebaseFirestore */,
				AF7CF01828954F0400DE1BD5 /* FirebaseStorage */,
			);
			productName = TestFireBase;
			productReference = AF86F58D288D20E4000E0AC7 /* TestFireBase.app */;
			productType = "com.apple.product-type.application";
		};
/* End PBXNativeTarget section */

/* Begin PBXProject section */
		AF86F585288D20E4000E0AC7 /* Project object */ = {
			isa = PBXProject;
			attributes = {
				BuildIndependentTargetsInParallel = 1;
				LastSwiftUpdateCheck = 1320;
				LastUpgradeCheck = 1320;
				TargetAttributes = {
					AF86F58C288D20E4000E0AC7 = {
						CreatedOnToolsVersion = 13.2.1;
					};
				};
			};
			buildConfigurationList = AF86F588288D20E4000E0AC7 /* Build configuration list for PBXProject "TestFireBase" */;
			compatibilityVersion = "Xcode 13.0";
			developmentRegion = en;
			hasScannedForEncodings = 0;
			knownRegions = (
				en,
				Base,
			);
			mainGroup = AF86F584288D20E4000E0AC7;
			packageReferences = (
				AF7CF01328954F0400DE1BD5 /* XCRemoteSwiftPackageReference "firebase-ios-sdk" */,
			);
			productRefGroup = AF86F58E288D20E4000E0AC7 /* Products */;
			projectDirPath = "";
			projectRoot = "";
			targets = (
				AF86F58C288D20E4000E0AC7 /* TestFireBase */,
			);
		};
/* End PBXProject section */

/* Begin PBXResourcesBuildPhase section */
		AF86F58B288D20E4000E0AC7 /* Resources */ = {
			isa = PBXResourcesBuildPhase;
			buildActionMask = 2147483647;
			files = (
				AF86F59D288D20E8000E0AC7 /* LaunchScreen.storyboard in Resources */,
				AFDEA4E8289FAD390075EC98 /* GoogleService-Info.plist in Resources */,
				AF86F59A288D20E8000E0AC7 /* Assets.xcassets in Resources */,
				AF86F598288D20E4000E0AC7 /* Main.storyboard in Resources */,
			);
			runOnlyForDeploymentPostprocessing = 0;
		};
/* End PBXResourcesBuildPhase section */

/* Begin PBXSourcesBuildPhase section */
		AF86F589288D20E4000E0AC7 /* Sources */ = {
			isa = PBXSourcesBuildPhase;
			buildActionMask = 2147483647;
			files = (
				AF7CF00E289441D700DE1BD5 /* ImageView.swift in Sources */,
				AF7CF00B2894412D00DE1BD5 /* Activity.swift in Sources */,
				AF86F5A5288D58D7000E0AC7 /* SigninViewController.swift in Sources */,
				AF86F595288D20E4000E0AC7 /* SignupViewController.swift in Sources */,
				AF86F591288D20E4000E0AC7 /* AppDelegate.swift in Sources */,
				AF86F593288D20E4000E0AC7 /* SceneDelegate.swift in Sources */,
				AF7CF0102894422D00DE1BD5 /* Alert.swift in Sources */,
			);
			runOnlyForDeploymentPostprocessing = 0;
		};
/* End PBXSourcesBuildPhase section */

/* Begin PBXVariantGroup section */
		AF86F596288D20E4000E0AC7 /* Main.storyboard */ = {
			isa = PBXVariantGroup;
			children = (
				AF86F597288D20E4000E0AC7 /* Base */,
			);
			name = Main.storyboard;
			sourceTree = "<group>";
		};
		AF86F59B288D20E8000E0AC7 /* LaunchScreen.storyboard */ = {
			isa = PBXVariantGroup;
			children = (
				AF86F59C288D20E8000E0AC7 /* Base */,
			);
			name = LaunchScreen.storyboard;
			sourceTree = "<group>";
		};
/* End PBXVariantGroup section */

/* Begin XCBuildConfiguration section */
		AF86F59F288D20E8000E0AC7 /* Debug */ = {
			isa = XCBuildConfiguration;
			buildSettings = {
				ALWAYS_SEARCH_USER_PATHS = NO;
				CLANG_ANALYZER_NONNULL = YES;
				CLANG_ANALYZER_NUMBER_OBJECT_CONVERSION = YES_AGGRESSIVE;
				CLANG_CXX_LANGUAGE_STANDARD = "gnu++17";
				CLANG_CXX_LIBRARY = "libc++";
				CLANG_ENABLE_MODULES = YES;
				CLANG_ENABLE_OBJC_ARC = YES;
				CLANG_ENABLE_OBJC_WEAK = YES;
				CLANG_WARN_BLOCK_CAPTURE_AUTORELEASING = YES;
				CLANG_WARN_BOOL_CONVERSION = YES;
				CLANG_WARN_COMMA = YES;
				CLANG_WARN_CONSTANT_CONVERSION = YES;
				CLANG_WARN_DEPRECATED_OBJC_IMPLEMENTATIONS = YES;
				CLANG_WARN_DIRECT_OBJC_ISA_USAGE = YES_ERROR;
				CLANG_WARN_DOCUMENTATION_COMMENTS = YES;
				CLANG_WARN_EMPTY_BODY = YES;
				CLANG_WARN_ENUM_CONVERSION = YES;
				CLANG_WARN_INFINITE_RECURSION = YES;
				CLANG_WARN_INT_CONVERSION = YES;
				CLANG_WARN_NON_LITERAL_NULL_CONVERSION = YES;
				CLANG_WARN_OBJC_IMPLICIT_RETAIN_SELF = YES;
				CLANG_WARN_OBJC_LITERAL_CONVERSION = YES;
				CLANG_WARN_OBJC_ROOT_CLASS = YES_ERROR;
				CLANG_WARN_QUOTED_INCLUDE_IN_FRAMEWORK_HEADER = YES;
				CLANG_WARN_RANGE_LOOP_ANALYSIS = YES;
				CLANG_WARN_STRICT_PROTOTYPES = YES;
				CLANG_WARN_SUSPICIOUS_MOVE = YES;
				CLANG_WARN_UNGUARDED_AVAILABILITY = YES_AGGRESSIVE;
				CLANG_WARN_UNREACHABLE_CODE = YES;
				CLANG_WARN__DUPLICATE_METHOD_MATCH = YES;
				COPY_PHASE_STRIP = NO;
				DEBUG_INFORMATION_FORMAT = dwarf;
				ENABLE_STRICT_OBJC_MSGSEND = YES;
				ENABLE_TESTABILITY = YES;
				GCC_C_LANGUAGE_STANDARD = gnu11;
				GCC_DYNAMIC_NO_PIC = NO;
				GCC_NO_COMMON_BLOCKS = YES;
				GCC_OPTIMIZATION_LEVEL = 0;
				GCC_PREPROCESSOR_DEFINITIONS = (
					"DEBUG=1",
					"$(inherited)",
				);
				GCC_WARN_64_TO_32_BIT_CONVERSION = YES;
				GCC_WARN_ABOUT_RETURN_TYPE = YES_ERROR;
				GCC_WARN_UNDECLARED_SELECTOR = YES;
				GCC_WARN_UNINITIALIZED_AUTOS = YES_AGGRESSIVE;
				GCC_WARN_UNUSED_FUNCTION = YES;
				GCC_WARN_UNUSED_VARIABLE = YES;
				IPHONEOS_DEPLOYMENT_TARGET = 15.2;
				MTL_ENABLE_DEBUG_INFO = INCLUDE_SOURCE;
				MTL_FAST_MATH = YES;
				ONLY_ACTIVE_ARCH = YES;
				SDKROOT = iphoneos;
				SWIFT_ACTIVE_COMPILATION_CONDITIONS = DEBUG;
				SWIFT_OPTIMIZATION_LEVEL = "-Onone";
			};
			name = Debug;
		};
		AF86F5A0288D20E8000E0AC7 /* Release */ = {
			isa = XCBuildConfiguration;
			buildSettings = {
				ALWAYS_SEARCH_USER_PATHS = NO;
				CLANG_ANALYZER_NONNULL = YES;
				CLANG_ANALYZER_NUMBER_OBJECT_CONVERSION = YES_AGGRESSIVE;
				CLANG_CXX_LANGUAGE_STANDARD = "gnu++17";
				CLANG_CXX_LIBRARY = "libc++";
				CLANG_ENABLE_MODULES = YES;
				CLANG_ENABLE_OBJC_ARC = YES;
				CLANG_ENABLE_OBJC_WEAK = YES;
				CLANG_WARN_BLOCK_CAPTURE_AUTORELEASING = YES;
				CLANG_WARN_BOOL_CONVERSION = YES;
				CLANG_WARN_COMMA = YES;
				CLANG_WARN_CONSTANT_CONVERSION = YES;
				CLANG_WARN_DEPRECATED_OBJC_IMPLEMENTATIONS = YES;
				CLANG_WARN_DIRECT_OBJC_ISA_USAGE = YES_ERROR;
				CLANG_WARN_DOCUMENTATION_COMMENTS = YES;
				CLANG_WARN_EMPTY_BODY = YES;
				CLANG_WARN_ENUM_CONVERSION = YES;
				CLANG_WARN_INFINITE_RECURSION = YES;
				CLANG_WARN_INT_CONVERSION = YES;
				CLANG_WARN_NON_LITERAL_NULL_CONVERSION = YES;
				CLANG_WARN_OBJC_IMPLICIT_RETAIN_SELF = YES;
				CLANG_WARN_OBJC_LITERAL_CONVERSION = YES;
				CLANG_WARN_OBJC_ROOT_CLASS = YES_ERROR;
				CLANG_WARN_QUOTED_INCLUDE_IN_FRAMEWORK_HEADER = YES;
				CLANG_WARN_RANGE_LOOP_ANALYSIS = YES;
				CLANG_WARN_STRICT_PROTOTYPES = YES;
				CLANG_WARN_SUSPICIOUS_MOVE = YES;
				CLANG_WARN_UNGUARDED_AVAILABILITY = YES_AGGRESSIVE;
				CLANG_WARN_UNREACHABLE_CODE = YES;
				CLANG_WARN__DUPLICATE_METHOD_MATCH = YES;
				COPY_PHASE_STRIP = NO;
				DEBUG_INFORMATION_FORMAT = "dwarf-with-dsym";
				ENABLE_NS_ASSERTIONS = NO;
				ENABLE_STRICT_OBJC_MSGSEND = YES;
				GCC_C_LANGUAGE_STANDARD = gnu11;
				GCC_NO_COMMON_BLOCKS = YES;
				GCC_WARN_64_TO_32_BIT_CONVERSION = YES;
				GCC_WARN_ABOUT_RETURN_TYPE = YES_ERROR;
				GCC_WARN_UNDECLARED_SELECTOR = YES;
				GCC_WARN_UNINITIALIZED_AUTOS = YES_AGGRESSIVE;
				GCC_WARN_UNUSED_FUNCTION = YES;
				GCC_WARN_UNUSED_VARIABLE = YES;
				IPHONEOS_DEPLOYMENT_TARGET = 15.2;
				MTL_ENABLE_DEBUG_INFO = NO;
				MTL_FAST_MATH = YES;
				SDKROOT = iphoneos;
				SWIFT_COMPILATION_MODE = wholemodule;
				SWIFT_OPTIMIZATION_LEVEL = "-O";
				VALIDATE_PRODUCT = YES;
			};
			name = Release;
		};
		AF86F5A2288D20E8000E0AC7 /* Debug */ = {
			isa = XCBuildConfiguration;
			buildSettings = {
				ASSETCATALOG_COMPILER_APPICON_NAME = AppIcon;
				ASSETCATALOG_COMPILER_GLOBAL_ACCENT_COLOR_NAME = AccentColor;
				CODE_SIGN_STYLE = Automatic;
				CURRENT_PROJECT_VERSION = 1;
				DEVELOPMENT_TEAM = GU4GP7U2DT;
				GENERATE_INFOPLIST_FILE = YES;
				INFOPLIST_FILE = TestFireBase/Info.plist;
				INFOPLIST_KEY_UIApplicationSupportsIndirectInputEvents = YES;
				INFOPLIST_KEY_UILaunchStoryboardName = LaunchScreen;
				INFOPLIST_KEY_UIMainStoryboardFile = Main;
				INFOPLIST_KEY_UISupportedInterfaceOrientations_iPad = "UIInterfaceOrientationPortrait UIInterfaceOrientationPortraitUpsideDown UIInterfaceOrientationLandscapeLeft UIInterfaceOrientationLandscapeRight";
				INFOPLIST_KEY_UISupportedInterfaceOrientations_iPhone = "UIInterfaceOrientationPortrait UIInterfaceOrientationLandscapeLeft UIInterfaceOrientationLandscapeRight";
				LD_RUNPATH_SEARCH_PATHS = (
					"$(inherited)",
					"@executable_path/Frameworks",
				);
				MARKETING_VERSION = 1.0;
				PRODUCT_BUNDLE_IDENTIFIER = "Arwa-macbook-pro.TestFireBase";
				PRODUCT_NAME = "$(TARGET_NAME)";
				SWIFT_EMIT_LOC_STRINGS = YES;
				SWIFT_VERSION = 5.0;
				TARGETED_DEVICE_FAMILY = "1,2";
			};
			name = Debug;
		};
		AF86F5A3288D20E8000E0AC7 /* Release */ = {
			isa = XCBuildConfiguration;
			buildSettings = {
				ASSETCATALOG_COMPILER_APPICON_NAME = AppIcon;
				ASSETCATALOG_COMPILER_GLOBAL_ACCENT_COLOR_NAME = AccentColor;
				CODE_SIGN_STYLE = Automatic;
				CURRENT_PROJECT_VERSION = 1;
				DEVELOPMENT_TEAM = GU4GP7U2DT;
				GENERATE_INFOPLIST_FILE = YES;
				INFOPLIST_FILE = TestFireBase/Info.plist;
				INFOPLIST_KEY_UIApplicationSupportsIndirectInputEvents = YES;
				INFOPLIST_KEY_UILaunchStoryboardName = LaunchScreen;
				INFOPLIST_KEY_UIMainStoryboardFile = Main;
				INFOPLIST_KEY_UISupportedInterfaceOrientations_iPad = "UIInterfaceOrientationPortrait UIInterfaceOrientationPortraitUpsideDown UIInterfaceOrientationLandscapeLeft UIInterfaceOrientationLandscapeRight";
				INFOPLIST_KEY_UISupportedInterfaceOrientations_iPhone = "UIInterfaceOrientationPortrait UIInterfaceOrientationLandscapeLeft UIInterfaceOrientationLandscapeRight";
				LD_RUNPATH_SEARCH_PATHS = (
					"$(inherited)",
					"@executable_path/Frameworks",
				);
				MARKETING_VERSION = 1.0;
				PRODUCT_BUNDLE_IDENTIFIER = "Arwa-macbook-pro.TestFireBase";
				PRODUCT_NAME = "$(TARGET_NAME)";
				SWIFT_EMIT_LOC_STRINGS = YES;
				SWIFT_VERSION = 5.0;
				TARGETED_DEVICE_FAMILY = "1,2";
			};
			name = Release;
		};
/* End XCBuildConfiguration section */

/* Begin XCConfigurationList section */
		AF86F588288D20E4000E0AC7 /* Build configuration list for PBXProject "TestFireBase" */ = {
			isa = XCConfigurationList;
			buildConfigurations = (
				AF86F59F288D20E8000E0AC7 /* Debug */,
				AF86F5A0288D20E8000E0AC7 /* Release */,
			);
			defaultConfigurationIsVisible = 0;
			defaultConfigurationName = Release;
		};
		AF86F5A1288D20E8000E0AC7 /* Build configuration list for PBXNativeTarget "TestFireBase" */ = {
			isa = XCConfigurationList;
			buildConfigurations = (
				AF86F5A2288D20E8000E0AC7 /* Debug */,
				AF86F5A3288D20E8000E0AC7 /* Release */,
			);
			defaultConfigurationIsVisible = 0;
			defaultConfigurationName = Release;
		};
/* End XCConfigurationList section */

/* Begin XCRemoteSwiftPackageReference section */
		AF7CF01328954F0400DE1BD5 /* XCRemoteSwiftPackageReference "firebase-ios-sdk" */ = {
			isa = XCRemoteSwiftPackageReference;
			repositoryURL = "https://github.com/firebase/firebase-ios-sdk";
			requirement = {
				branch = master;
				kind = branch;
			};
		};
/* End XCRemoteSwiftPackageReference section */

/* Begin XCSwiftPackageProductDependency section */
		AF7CF01428954F0400DE1BD5 /* FirebaseAuth */ = {
			isa = XCSwiftPackageProductDependency;
			package = AF7CF01328954F0400DE1BD5 /* XCRemoteSwiftPackageReference "firebase-ios-sdk" */;
			productName = FirebaseAuth;
		};
		AF7CF01628954F0400DE1BD5 /* FirebaseFirestore */ = {
			isa = XCSwiftPackageProductDependency;
			package = AF7CF01328954F0400DE1BD5 /* XCRemoteSwiftPackageReference "firebase-ios-sdk" */;
			productName = FirebaseFirestore;
		};
		AF7CF01828954F0400DE1BD5 /* FirebaseStorage */ = {
			isa = XCSwiftPackageProductDependency;
			package = AF7CF01328954F0400DE1BD5 /* XCRemoteSwiftPackageReference "firebase-ios-sdk" */;
			productName = FirebaseStorage;
		};
/* End XCSwiftPackageProductDependency section */
	};
	rootObject = AF86F585288D20E4000E0AC7 /* Project object */;
}
